// !$*UTF8*$!
{
	archiveVersion = 1;
	classes = {
	};
	objectVersion = 56;
	objects = {

/* Begin PBXBuildFile section */
		813D9AB62AC701AB00DB2695 /* AppDelegate.swift in Sources */ = {isa = PBXBuildFile; fileRef = 813D9AB52AC701AB00DB2695 /* AppDelegate.swift */; };
		813D9AB82AC701AB00DB2695 /* SceneDelegate.swift in Sources */ = {isa = PBXBuildFile; fileRef = 813D9AB72AC701AB00DB2695 /* SceneDelegate.swift */; };
		813D9ABA2AC701AB00DB2695 /* ViewController.swift in Sources */ = {isa = PBXBuildFile; fileRef = 813D9AB92AC701AB00DB2695 /* ViewController.swift */; };
		813D9ABD2AC701AB00DB2695 /* Main.storyboard in Resources */ = {isa = PBXBuildFile; fileRef = 813D9ABB2AC701AB00DB2695 /* Main.storyboard */; };
		813D9ABF2AC701AF00DB2695 /* Assets.xcassets in Resources */ = {isa = PBXBuildFile; fileRef = 813D9ABE2AC701AF00DB2695 /* Assets.xcassets */; };
		813D9AC22AC701AF00DB2695 /* LaunchScreen.storyboard in Resources */ = {isa = PBXBuildFile; fileRef = 813D9AC02AC701AF00DB2695 /* LaunchScreen.storyboard */; };
		813D9ACD2AC701AF00DB2695 /* colorValueTests.swift in Sources */ = {isa = PBXBuildFile; fileRef = 813D9ACC2AC701AF00DB2695 /* colorValueTests.swift */; };
		813D9AD72AC701AF00DB2695 /* colorValueUITests.swift in Sources */ = {isa = PBXBuildFile; fileRef = 813D9AD62AC701AF00DB2695 /* colorValueUITests.swift */; };
		813D9AD92AC701AF00DB2695 /* colorValueUITestsLaunchTests.swift in Sources */ = {isa = PBXBuildFile; fileRef = 813D9AD82AC701AF00DB2695 /* colorValueUITestsLaunchTests.swift */; };
/* End PBXBuildFile section */

/* Begin PBXContainerItemProxy section */
		813D9AC92AC701AF00DB2695 /* PBXContainerItemProxy */ = {
			isa = PBXContainerItemProxy;
			containerPortal = 813D9AAA2AC701AB00DB2695 /* Project object */;
			proxyType = 1;
			remoteGlobalIDString = 813D9AB12AC701AB00DB2695;
			remoteInfo = colorValue;
		};
		813D9AD32AC701AF00DB2695 /* PBXContainerItemProxy */ = {
			isa = PBXContainerItemProxy;
			containerPortal = 813D9AAA2AC701AB00DB2695 /* Project object */;
			proxyType = 1;
			remoteGlobalIDString = 813D9AB12AC701AB00DB2695;
			remoteInfo = colorValue;
		};
/* End PBXContainerItemProxy section */

/* Begin PBXFileReference section */
		813D9AB22AC701AB00DB2695 /* colorValue.app */ = {isa = PBXFileReference; explicitFileType = wrapper.application; includeInIndex = 0; path = colorValue.app; sourceTree = BUILT_PRODUCTS_DIR; };
		813D9AB52AC701AB00DB2695 /* AppDelegate.swift */ = {isa = PBXFileReference; lastKnownFileType = sourcecode.swift; path = AppDelegate.swift; sourceTree = "<group>"; };
		813D9AB72AC701AB00DB2695 /* SceneDelegate.swift */ = {isa = PBXFileReference; lastKnownFileType = sourcecode.swift; path = SceneDelegate.swift; sourceTree = "<group>"; };
		813D9AB92AC701AB00DB2695 /* ViewController.swift */ = {isa = PBXFileReference; lastKnownFileType = sourcecode.swift; path = ViewController.swift; sourceTree = "<group>"; };
		813D9ABC2AC701AB00DB2695 /* Base */ = {isa = PBXFileReference; lastKnownFileType = file.storyboard; name = Base; path = Base.lproj/Main.storyboard; sourceTree = "<group>"; };
		813D9ABE2AC701AF00DB2695 /* Assets.xcassets */ = {isa = PBXFileReference; lastKnownFileType = folder.assetcatalog; path = Assets.xcassets; sourceTree = "<group>"; };
		813D9AC12AC701AF00DB2695 /* Base */ = {isa = PBXFileReference; lastKnownFileType = file.storyboard; name = Base; path = Base.lproj/LaunchScreen.storyboard; sourceTree = "<group>"; };
		813D9AC32AC701AF00DB2695 /* Info.plist */ = {isa = PBXFileReference; lastKnownFileType = text.plist.xml; path = Info.plist; sourceTree = "<group>"; };
		813D9AC82AC701AF00DB2695 /* colorValueTests.xctest */ = {isa = PBXFileReference; explicitFileType = wrapper.cfbundle; includeInIndex = 0; path = colorValueTests.xctest; sourceTree = BUILT_PRODUCTS_DIR; };
		813D9ACC2AC701AF00DB2695 /* colorValueTests.swift */ = {isa = PBXFileReference; lastKnownFileType = sourcecode.swift; path = colorValueTests.swift; sourceTree = "<group>"; };
		813D9AD22AC701AF00DB2695 /* colorValueUITests.xctest */ = {isa = PBXFileReference; explicitFileType = wrapper.cfbundle; includeInIndex = 0; path = colorValueUITests.xctest; sourceTree = BUILT_PRODUCTS_DIR; };
		813D9AD62AC701AF00DB2695 /* colorValueUITests.swift */ = {isa = PBXFileReference; lastKnownFileType = sourcecode.swift; path = colorValueUITests.swift; sourceTree = "<group>"; };
		813D9AD82AC701AF00DB2695 /* colorValueUITestsLaunchTests.swift */ = {isa = PBXFileReference; lastKnownFileType = sourcecode.swift; path = colorValueUITestsLaunchTests.swift; sourceTree = "<group>"; };
/* End PBXFileReference section */

/* Begin PBXFrameworksBuildPhase section */
		813D9AAF2AC701AB00DB2695 /* Frameworks */ = {
			isa = PBXFrameworksBuildPhase;
			buildActionMask = 2147483647;
			files = (
			);
			runOnlyForDeploymentPostprocessing = 0;
		};
		813D9AC52AC701AF00DB2695 /* Frameworks */ = {
			isa = PBXFrameworksBuildPhase;
			buildActionMask = 2147483647;
			files = (
			);
			runOnlyForDeploymentPostprocessing = 0;
		};
		813D9ACF2AC701AF00DB2695 /* Frameworks */ = {
			isa = PBXFrameworksBuildPhase;
			buildActionMask = 2147483647;
			files = (
			);
			runOnlyForDeploymentPostprocessing = 0;
		};
/* End PBXFrameworksBuildPhase section */

/* Begin PBXGroup section */
		813D9AA92AC701AB00DB2695 = {
			isa = PBXGroup;
			children = (
				813D9AB42AC701AB00DB2695 /* colorValue */,
				813D9ACB2AC701AF00DB2695 /* colorValueTests */,
				813D9AD52AC701AF00DB2695 /* colorValueUITests */,
				813D9AB32AC701AB00DB2695 /* Products */,
			);
			sourceTree = "<group>";
		};
		813D9AB32AC701AB00DB2695 /* Products */ = {
			isa = PBXGroup;
			children = (
				813D9AB22AC701AB00DB2695 /* colorValue.app */,
				813D9AC82AC701AF00DB2695 /* colorValueTests.xctest */,
				813D9AD22AC701AF00DB2695 /* colorValueUITests.xctest */,
			);
			name = Products;
			sourceTree = "<group>";
		};
		813D9AB42AC701AB00DB2695 /* colorValue */ = {
			isa = PBXGroup;
			children = (
				813D9AB52AC701AB00DB2695 /* AppDelegate.swift */,
				813D9AB72AC701AB00DB2695 /* SceneDelegate.swift */,
				813D9AB92AC701AB00DB2695 /* ViewController.swift */,
				813D9ABB2AC701AB00DB2695 /* Main.storyboard */,
				813D9ABE2AC701AF00DB2695 /* Assets.xcassets */,
				813D9AC02AC701AF00DB2695 /* LaunchScreen.storyboard */,
				813D9AC32AC701AF00DB2695 /* Info.plist */,
			);
			path = colorValue;
			sourceTree = "<group>";
		};
		813D9ACB2AC701AF00DB2695 /* colorValueTests */ = {
			isa = PBXGroup;
			children = (
				813D9ACC2AC701AF00DB2695 /* colorValueTests.swift */,
			);
			path = colorValueTests;
			sourceTree = "<group>";
		};
		813D9AD52AC701AF00DB2695 /* colorValueUITests */ = {
			isa = PBXGroup;
			children = (
				813D9AD62AC701AF00DB2695 /* colorValueUITests.swift */,
				813D9AD82AC701AF00DB2695 /* colorValueUITestsLaunchTests.swift */,
			);
			path = colorValueUITests;
			sourceTree = "<group>";
		};
/* End PBXGroup section */

/* Begin PBXNativeTarget section */
		813D9AB12AC701AB00DB2695 /* colorValue */ = {
			isa = PBXNativeTarget;
			buildConfigurationList = 813D9ADC2AC701AF00DB2695 /* Build configuration list for PBXNativeTarget "colorValue" */;
			buildPhases = (
				813D9AAE2AC701AB00DB2695 /* Sources */,
				813D9AAF2AC701AB00DB2695 /* Frameworks */,
				813D9AB02AC701AB00DB2695 /* Resources */,
			);
			buildRules = (
			);
			dependencies = (
			);
			name = colorValue;
			productName = colorValue;
			productReference = 813D9AB22AC701AB00DB2695 /* colorValue.app */;
			productType = "com.apple.product-type.application";
		};
		813D9AC72AC701AF00DB2695 /* colorValueTests */ = {
			isa = PBXNativeTarget;
			buildConfigurationList = 813D9ADF2AC701AF00DB2695 /* Build configuration list for PBXNativeTarget "colorValueTests" */;
			buildPhases = (
				813D9AC42AC701AF00DB2695 /* Sources */,
				813D9AC52AC701AF00DB2695 /* Frameworks */,
				813D9AC62AC701AF00DB2695 /* Resources */,
			);
			buildRules = (
			);
			dependencies = (
				813D9ACA2AC701AF00DB2695 /* PBXTargetDependency */,
			);
			name = colorValueTests;
			productName = colorValueTests;
			productReference = 813D9AC82AC701AF00DB2695 /* colorValueTests.xctest */;
			productType = "com.apple.product-type.bundle.unit-test";
		};
		813D9AD12AC701AF00DB2695 /* colorValueUITests */ = {
			isa = PBXNativeTarget;
			buildConfigurationList = 813D9AE22AC701AF00DB2695 /* Build configuration list for PBXNativeTarget "colorValueUITests" */;
			buildPhases = (
				813D9ACE2AC701AF00DB2695 /* Sources */,
				813D9ACF2AC701AF00DB2695 /* Frameworks */,
				813D9AD02AC701AF00DB2695 /* Resources */,
			);
			buildRules = (
			);
			dependencies = (
				813D9AD42AC701AF00DB2695 /* PBXTargetDependency */,
			);
			name = colorValueUITests;
			productName = colorValueUITests;
			productReference = 813D9AD22AC701AF00DB2695 /* colorValueUITests.xctest */;
			productType = "com.apple.product-type.bundle.ui-testing";
		};
/* End PBXNativeTarget section */

/* Begin PBXProject section */
		813D9AAA2AC701AB00DB2695 /* Project object */ = {
			isa = PBXProject;
			attributes = {
				BuildIndependentTargetsInParallel = 1;
				LastSwiftUpdateCheck = 1500;
				LastUpgradeCheck = 1500;
				TargetAttributes = {
					813D9AB12AC701AB00DB2695 = {
						CreatedOnToolsVersion = 15.0;
					};
					813D9AC72AC701AF00DB2695 = {
						CreatedOnToolsVersion = 15.0;
						TestTargetID = 813D9AB12AC701AB00DB2695;
					};
					813D9AD12AC701AF00DB2695 = {
						CreatedOnToolsVersion = 15.0;
						TestTargetID = 813D9AB12AC701AB00DB2695;
					};
				};
			};
			buildConfigurationList = 813D9AAD2AC701AB00DB2695 /* Build configuration list for PBXProject "colorValue" */;
			compatibilityVersion = "Xcode 14.0";
			developmentRegion = en;
			hasScannedForEncodings = 0;
			knownRegions = (
				en,
				Base,
			);
			mainGroup = 813D9AA92AC701AB00DB2695;
			productRefGroup = 813D9AB32AC701AB00DB2695 /* Products */;
			projectDirPath = "";
			projectRoot = "";
			targets = (
				813D9AB12AC701AB00DB2695 /* colorValue */,
				813D9AC72AC701AF00DB2695 /* colorValueTests */,
				813D9AD12AC701AF00DB2695 /* colorValueUITests */,
			);
		};
/* End PBXProject section */

/* Begin PBXResourcesBuildPhase section */
		813D9AB02AC701AB00DB2695 /* Resources */ = {
			isa = PBXResourcesBuildPhase;
			buildActionMask = 2147483647;
			files = (
				813D9AC22AC701AF00DB2695 /* LaunchScreen.storyboard in Resources */,
				813D9ABF2AC701AF00DB2695 /* Assets.xcassets in Resources */,
				813D9ABD2AC701AB00DB2695 /* Main.storyboard in Resources */,
			);
			runOnlyForDeploymentPostprocessing = 0;
		};
		813D9AC62AC701AF00DB2695 /* Resources */ = {
			isa = PBXResourcesBuildPhase;
			buildActionMask = 2147483647;
			files = (
			);
			runOnlyForDeploymentPostprocessing = 0;
		};
		813D9AD02AC701AF00DB2695 /* Resources */ = {
			isa = PBXResourcesBuildPhase;
			buildActionMask = 2147483647;
			files = (
			);
			runOnlyForDeploymentPostprocessing = 0;
		};
/* End PBXResourcesBuildPhase section */

/* Begin PBXSourcesBuildPhase section */
		813D9AAE2AC701AB00DB2695 /* Sources */ = {
			isa = PBXSourcesBuildPhase;
			buildActionMask = 2147483647;
			files = (
				813D9ABA2AC701AB00DB2695 /* ViewController.swift in Sources */,
				813D9AB62AC701AB00DB2695 /* AppDelegate.swift in Sources */,
				813D9AB82AC701AB00DB2695 /* SceneDelegate.swift in Sources */,
			);
			runOnlyForDeploymentPostprocessing = 0;
		};
		813D9AC42AC701AF00DB2695 /* Sources */ = {
			isa = PBXSourcesBuildPhase;
			buildActionMask = 2147483647;
			files = (
				813D9ACD2AC701AF00DB2695 /* colorValueTests.swift in Sources */,
			);
			runOnlyForDeploymentPostprocessing = 0;
		};
		813D9ACE2AC701AF00DB2695 /* Sources */ = {
			isa = PBXSourcesBuildPhase;
			buildActionMask = 2147483647;
			files = (
				813D9AD92AC701AF00DB2695 /* colorValueUITestsLaunchTests.swift in Sources */,
				813D9AD72AC701AF00DB2695 /* colorValueUITests.swift in Sources */,
			);
			runOnlyForDeploymentPostprocessing = 0;
		};
/* End PBXSourcesBuildPhase section */

/* Begin PBXTargetDependency section */
		813D9ACA2AC701AF00DB2695 /* PBXTargetDependency */ = {
			isa = PBXTargetDependency;
			target = 813D9AB12AC701AB00DB2695 /* colorValue */;
			targetProxy = 813D9AC92AC701AF00DB2695 /* PBXContainerItemProxy */;
		};
		813D9AD42AC701AF00DB2695 /* PBXTargetDependency */ = {
			isa = PBXTargetDependency;
			target = 813D9AB12AC701AB00DB2695 /* colorValue */;
			targetProxy = 813D9AD32AC701AF00DB2695 /* PBXContainerItemProxy */;
		};
/* End PBXTargetDependency section */

/* Begin PBXVariantGroup section */
		813D9ABB2AC701AB00DB2695 /* Main.storyboard */ = {
			isa = PBXVariantGroup;
			children = (
				813D9ABC2AC701AB00DB2695 /* Base */,
			);
			name = Main.storyboard;
			sourceTree = "<group>";
		};
		813D9AC02AC701AF00DB2695 /* LaunchScreen.storyboard */ = {
			isa = PBXVariantGroup;
			children = (
				813D9AC12AC701AF00DB2695 /* Base */,
			);
			name = LaunchScreen.storyboard;
			sourceTree = "<group>";
		};
/* End PBXVariantGroup section */

/* Begin XCBuildConfiguration section */
		813D9ADA2AC701AF00DB2695 /* Debug */ = {
			isa = XCBuildConfiguration;
			buildSettings = {
				ALWAYS_SEARCH_USER_PATHS = NO;
				ASSETCATALOG_COMPILER_GENERATE_SWIFT_ASSET_SYMBOL_EXTENSIONS = YES;
				CLANG_ANALYZER_NONNULL = YES;
				CLANG_ANALYZER_NUMBER_OBJECT_CONVERSION = YES_AGGRESSIVE;
				CLANG_CXX_LANGUAGE_STANDARD = "gnu++20";
				CLANG_ENABLE_MODULES = YES;
				CLANG_ENABLE_OBJC_ARC = YES;
				CLANG_ENABLE_OBJC_WEAK = YES;
				CLANG_WARN_BLOCK_CAPTURE_AUTORELEASING = YES;
				CLANG_WARN_BOOL_CONVERSION = YES;
				CLANG_WARN_COMMA = YES;
				CLANG_WARN_CONSTANT_CONVERSION = YES;
				CLANG_WARN_DEPRECATED_OBJC_IMPLEMENTATIONS = YES;
				CLANG_WARN_DIRECT_OBJC_ISA_USAGE = YES_ERROR;
				CLANG_WARN_DOCUMENTATION_COMMENTS = YES;
				CLANG_WARN_EMPTY_BODY = YES;
				CLANG_WARN_ENUM_CONVERSION = YES;
				CLANG_WARN_INFINITE_RECURSION = YES;
				CLANG_WARN_INT_CONVERSION = YES;
				CLANG_WARN_NON_LITERAL_NULL_CONVERSION = YES;
				CLANG_WARN_OBJC_IMPLICIT_RETAIN_SELF = YES;
				CLANG_WARN_OBJC_LITERAL_CONVERSION = YES;
				CLANG_WARN_OBJC_ROOT_CLASS = YES_ERROR;
				CLANG_WARN_QUOTED_INCLUDE_IN_FRAMEWORK_HEADER = YES;
				CLANG_WARN_RANGE_LOOP_ANALYSIS = YES;
				CLANG_WARN_STRICT_PROTOTYPES = YES;
				CLANG_WARN_SUSPICIOUS_MOVE = YES;
				CLANG_WARN_UNGUARDED_AVAILABILITY = YES_AGGRESSIVE;
				CLANG_WARN_UNREACHABLE_CODE = YES;
				CLANG_WARN__DUPLICATE_METHOD_MATCH = YES;
				COPY_PHASE_STRIP = NO;
				DEBUG_INFORMATION_FORMAT = dwarf;
				ENABLE_STRICT_OBJC_MSGSEND = YES;
				ENABLE_TESTABILITY = YES;
				ENABLE_USER_SCRIPT_SANDBOXING = YES;
				GCC_C_LANGUAGE_STANDARD = gnu17;
				GCC_DYNAMIC_NO_PIC = NO;
				GCC_NO_COMMON_BLOCKS = YES;
				GCC_OPTIMIZATION_LEVEL = 0;
				GCC_PREPROCESSOR_DEFINITIONS = (
					"DEBUG=1",
					"$(inherited)",
				);
				GCC_WARN_64_TO_32_BIT_CONVERSION = YES;
				GCC_WARN_ABOUT_RETURN_TYPE = YES_ERROR;
				GCC_WARN_UNDECLARED_SELECTOR = YES;
				GCC_WARN_UNINITIALIZED_AUTOS = YES_AGGRESSIVE;
				GCC_WARN_UNUSED_FUNCTION = YES;
				GCC_WARN_UNUSED_VARIABLE = YES;
				IPHONEOS_DEPLOYMENT_TARGET = 17.0;
				LOCALIZATION_PREFERS_STRING_CATALOGS = YES;
				MTL_ENABLE_DEBUG_INFO = INCLUDE_SOURCE;
				MTL_FAST_MATH = YES;
				ONLY_ACTIVE_ARCH = YES;
				SDKROOT = iphoneos;
				SWIFT_ACTIVE_COMPILATION_CONDITIONS = "DEBUG $(inherited)";
				SWIFT_OPTIMIZATION_LEVEL = "-Onone";
			};
			name = Debug;
		};
		813D9ADB2AC701AF00DB2695 /* Release */ = {
			isa = XCBuildConfiguration;
			buildSettings = {
				ALWAYS_SEARCH_USER_PATHS = NO;
				ASSETCATALOG_COMPILER_GENERATE_SWIFT_ASSET_SYMBOL_EXTENSIONS = YES;
				CLANG_ANALYZER_NONNULL = YES;
				CLANG_ANALYZER_NUMBER_OBJECT_CONVERSION = YES_AGGRESSIVE;
				CLANG_CXX_LANGUAGE_STANDARD = "gnu++20";
				CLANG_ENABLE_MODULES = YES;
				CLANG_ENABLE_OBJC_ARC = YES;
				CLANG_ENABLE_OBJC_WEAK = YES;
				CLANG_WARN_BLOCK_CAPTURE_AUTORELEASING = YES;
				CLANG_WARN_BOOL_CONVERSION = YES;
				CLANG_WARN_COMMA = YES;
				CLANG_WARN_CONSTANT_CONVERSION = YES;
				CLANG_WARN_DEPRECATED_OBJC_IMPLEMENTATIONS = YES;
				CLANG_WARN_DIRECT_OBJC_ISA_USAGE = YES_ERROR;
				CLANG_WARN_DOCUMENTATION_COMMENTS = YES;
				CLANG_WARN_EMPTY_BODY = YES;
				CLANG_WARN_ENUM_CONVERSION = YES;
				CLANG_WARN_INFINITE_RECURSION = YES;
				CLANG_WARN_INT_CONVERSION = YES;
				CLANG_WARN_NON_LITERAL_NULL_CONVERSION = YES;
				CLANG_WARN_OBJC_IMPLICIT_RETAIN_SELF = YES;
				CLANG_WARN_OBJC_LITERAL_CONVERSION = YES;
				CLANG_WARN_OBJC_ROOT_CLASS = YES_ERROR;
				CLANG_WARN_QUOTED_INCLUDE_IN_FRAMEWORK_HEADER = YES;
				CLANG_WARN_RANGE_LOOP_ANALYSIS = YES;
				CLANG_WARN_STRICT_PROTOTYPES = YES;
				CLANG_WARN_SUSPICIOUS_MOVE = YES;
				CLANG_WARN_UNGUARDED_AVAILABILITY = YES_AGGRESSIVE;
				CLANG_WARN_UNREACHABLE_CODE = YES;
				CLANG_WARN__DUPLICATE_METHOD_MATCH = YES;
				COPY_PHASE_STRIP = NO;
				DEBUG_INFORMATION_FORMAT = "dwarf-with-dsym";
				ENABLE_NS_ASSERTIONS = NO;
				ENABLE_STRICT_OBJC_MSGSEND = YES;
				ENABLE_USER_SCRIPT_SANDBOXING = YES;
				GCC_C_LANGUAGE_STANDARD = gnu17;
				GCC_NO_COMMON_BLOCKS = YES;
				GCC_WARN_64_TO_32_BIT_CONVERSION = YES;
				GCC_WARN_ABOUT_RETURN_TYPE = YES_ERROR;
				GCC_WARN_UNDECLARED_SELECTOR = YES;
				GCC_WARN_UNINITIALIZED_AUTOS = YES_AGGRESSIVE;
				GCC_WARN_UNUSED_FUNCTION = YES;
				GCC_WARN_UNUSED_VARIABLE = YES;
				IPHONEOS_DEPLOYMENT_TARGET = 17.0;
				LOCALIZATION_PREFERS_STRING_CATALOGS = YES;
				MTL_ENABLE_DEBUG_INFO = NO;
				MTL_FAST_MATH = YES;
				SDKROOT = iphoneos;
				SWIFT_COMPILATION_MODE = wholemodule;
				VALIDATE_PRODUCT = YES;
			};
			name = Release;
		};
		813D9ADD2AC701AF00DB2695 /* Debug */ = {
			isa = XCBuildConfiguration;
			buildSettings = {
				ASSETCATALOG_COMPILER_APPICON_NAME = AppIcon;
				ASSETCATALOG_COMPILER_GLOBAL_ACCENT_COLOR_NAME = AccentColor;
				CODE_SIGN_STYLE = Automatic;
				CURRENT_PROJECT_VERSION = 1;
				DEVELOPMENT_TEAM = 8UJ348LDS3;
				GENERATE_INFOPLIST_FILE = YES;
				INFOPLIST_FILE = colorValue/Info.plist;
				INFOPLIST_KEY_UIApplicationSupportsIndirectInputEvents = YES;
				INFOPLIST_KEY_UILaunchStoryboardName = LaunchScreen;
				INFOPLIST_KEY_UIMainStoryboardFile = Main;
				INFOPLIST_KEY_UISupportedInterfaceOrientations_iPad = "UIInterfaceOrientationPortrait UIInterfaceOrientationPortraitUpsideDown UIInterfaceOrientationLandscapeLeft UIInterfaceOrientationLandscapeRight";
				INFOPLIST_KEY_UISupportedInterfaceOrientations_iPhone = "UIInterfaceOrientationPortrait UIInterfaceOrientationLandscapeLeft UIInterfaceOrientationLandscapeRight";
				LD_RUNPATH_SEARCH_PATHS = (
					"$(inherited)",
					"@executable_path/Frameworks",
				);
				MARKETING_VERSION = 1.0;
				PRODUCT_BUNDLE_IDENTIFIER = com.Tree.colorValue;
				PRODUCT_NAME = "$(TARGET_NAME)";
				SWIFT_EMIT_LOC_STRINGS = YES;
				SWIFT_VERSION = 5.0;
				TARGETED_DEVICE_FAMILY = "1,2";
			};
			name = Debug;
		};
		813D9ADE2AC701AF00DB2695 /* Release */ = {
			isa = XCBuildConfiguration;
			buildSettings = {
				ASSETCATALOG_COMPILER_APPICON_NAME = AppIcon;
				ASSETCATALOG_COMPILER_GLOBAL_ACCENT_COLOR_NAME = AccentColor;
				CODE_SIGN_STYLE = Automatic;
				CURRENT_PROJECT_VERSION = 1;
				DEVELOPMENT_TEAM = 8UJ348LDS3;
				GENERATE_INFOPLIST_FILE = YES;
				INFOPLIST_FILE = colorValue/Info.plist;
				INFOPLIST_KEY_UIApplicationSupportsIndirectInputEvents = YES;
				INFOPLIST_KEY_UILaunchStoryboardName = LaunchScreen;
				INFOPLIST_KEY_UIMainStoryboardFile = Main;
				INFOPLIST_KEY_UISupportedInterfaceOrientations_iPad = "UIInterfaceOrientationPortrait UIInterfaceOrientationPortraitUpsideDown UIInterfaceOrientationLandscapeLeft UIInterfaceOrientationLandscapeRight";
				INFOPLIST_KEY_UISupportedInterfaceOrientations_iPhone = "UIInterfaceOrientationPortrait UIInterfaceOrientationLandscapeLeft UIInterfaceOrientationLandscapeRight";
				LD_RUNPATH_SEARCH_PATHS = (
					"$(inherited)",
					"@executable_path/Frameworks",
				);
				MARKETING_VERSION = 1.0;
				PRODUCT_BUNDLE_IDENTIFIER = com.Tree.colorValue;
				PRODUCT_NAME = "$(TARGET_NAME)";
				SWIFT_EMIT_LOC_STRINGS = YES;
				SWIFT_VERSION = 5.0;
				TARGETED_DEVICE_FAMILY = "1,2";
			};
			name = Release;
		};
		813D9AE02AC701AF00DB2695 /* Debug */ = {
			isa = XCBuildConfiguration;
			buildSettings = {
				ALWAYS_EMBED_SWIFT_STANDARD_LIBRARIES = YES;
				BUNDLE_LOADER = "$(TEST_HOST)";
				CODE_SIGN_STYLE = Automatic;
				CURRENT_PROJECT_VERSION = 1;
				DEVELOPMENT_TEAM = 8UJ348LDS3;
				GENERATE_INFOPLIST_FILE = YES;
				IPHONEOS_DEPLOYMENT_TARGET = 17.0;
				MARKETING_VERSION = 1.0;
				PRODUCT_BUNDLE_IDENTIFIER = com.Tree.colorValueTests;
				PRODUCT_NAME = "$(TARGET_NAME)";
				SWIFT_EMIT_LOC_STRINGS = NO;
				SWIFT_VERSION = 5.0;
				TARGETED_DEVICE_FAMILY = "1,2";
				TEST_HOST = "$(BUILT_PRODUCTS_DIR)/colorValue.app/$(BUNDLE_EXECUTABLE_FOLDER_PATH)/colorValue";
			};
			name = Debug;
		};
		813D9AE12AC701AF00DB2695 /* Release */ = {
			isa = XCBuildConfiguration;
			buildSettings = {
				ALWAYS_EMBED_SWIFT_STANDARD_LIBRARIES = YES;
				BUNDLE_LOADER = "$(TEST_HOST)";
				CODE_SIGN_STYLE = Automatic;
				CURRENT_PROJECT_VERSION = 1;
				DEVELOPMENT_TEAM = 8UJ348LDS3;
				GENERATE_INFOPLIST_FILE = YES;
				IPHONEOS_DEPLOYMENT_TARGET = 17.0;
				MARKETING_VERSION = 1.0;
				PRODUCT_BUNDLE_IDENTIFIER = com.Tree.colorValueTests;
				PRODUCT_NAME = "$(TARGET_NAME)";
				SWIFT_EMIT_LOC_STRINGS = NO;
				SWIFT_VERSION = 5.0;
				TARGETED_DEVICE_FAMILY = "1,2";
				TEST_HOST = "$(BUILT_PRODUCTS_DIR)/colorValue.app/$(BUNDLE_EXECUTABLE_FOLDER_PATH)/colorValue";
			};
			name = Release;
		};
		813D9AE32AC701AF00DB2695 /* Debug */ = {
			isa = XCBuildConfiguration;
			buildSettings = {
				ALWAYS_EMBED_SWIFT_STANDARD_LIBRARIES = YES;
				CODE_SIGN_STYLE = Automatic;
				CURRENT_PROJECT_VERSION = 1;
				DEVELOPMENT_TEAM = 8UJ348LDS3;
				GENERATE_INFOPLIST_FILE = YES;
				MARKETING_VERSION = 1.0;
				PRODUCT_BUNDLE_IDENTIFIER = com.Tree.colorValueUITests;
				PRODUCT_NAME = "$(TARGET_NAME)";
				SWIFT_EMIT_LOC_STRINGS = NO;
				SWIFT_VERSION = 5.0;
				TARGETED_DEVICE_FAMILY = "1,2";
				TEST_TARGET_NAME = colorValue;
			};
			name = Debug;
		};
		813D9AE42AC701AF00DB2695 /* Release */ = {
			isa = XCBuildConfiguration;
			buildSettings = {
				ALWAYS_EMBED_SWIFT_STANDARD_LIBRARIES = YES;
				CODE_SIGN_STYLE = Automatic;
				CURRENT_PROJECT_VERSION = 1;
				DEVELOPMENT_TEAM = 8UJ348LDS3;
				GENERATE_INFOPLIST_FILE = YES;
				MARKETING_VERSION = 1.0;
				PRODUCT_BUNDLE_IDENTIFIER = com.Tree.colorValueUITests;
				PRODUCT_NAME = "$(TARGET_NAME)";
				SWIFT_EMIT_LOC_STRINGS = NO;
				SWIFT_VERSION = 5.0;
				TARGETED_DEVICE_FAMILY = "1,2";
				TEST_TARGET_NAME = colorValue;
			};
			name = Release;
		};
/* End XCBuildConfiguration section */

/* Begin XCConfigurationList section */
		813D9AAD2AC701AB00DB2695 /* Build configuration list for PBXProject "colorValue" */ = {
			isa = XCConfigurationList;
			buildConfigurations = (
				813D9ADA2AC701AF00DB2695 /* Debug */,
				813D9ADB2AC701AF00DB2695 /* Release */,
			);
			defaultConfigurationIsVisible = 0;
			defaultConfigurationName = Release;
		};
		813D9ADC2AC701AF00DB2695 /* Build configuration list for PBXNativeTarget "colorValue" */ = {
			isa = XCConfigurationList;
			buildConfigurations = (
				813D9ADD2AC701AF00DB2695 /* Debug */,
				813D9ADE2AC701AF00DB2695 /* Release */,
			);
			defaultConfigurationIsVisible = 0;
			defaultConfigurationName = Release;
		};
		813D9ADF2AC701AF00DB2695 /* Build configuration list for PBXNativeTarget "colorValueTests" */ = {
			isa = XCConfigurationList;
			buildConfigurations = (
				813D9AE02AC701AF00DB2695 /* Debug */,
				813D9AE12AC701AF00DB2695 /* Release */,
			);
			defaultConfigurationIsVisible = 0;
			defaultConfigurationName = Release;
		};
		813D9AE22AC701AF00DB2695 /* Build configuration list for PBXNativeTarget "colorValueUITests" */ = {
			isa = XCConfigurationList;
			buildConfigurations = (
				813D9AE32AC701AF00DB2695 /* Debug */,
				813D9AE42AC701AF00DB2695 /* Release */,
			);
			defaultConfigurationIsVisible = 0;
			defaultConfigurationName = Release;
		};
/* End XCConfigurationList section */
	};
	rootObject = 813D9AAA2AC701AB00DB2695 /* Project object */;
}
